
Microsoft Visual Studio Solution File, Format Version 12.00
# Visual Studio 2013
VisualStudioVersion = 12.0.21005.1
MinimumVisualStudioVersion = 10.0.40219.1
Project("{FAE04EC0-301F-11D3-BF4B-00C04F79EFBC}") = "AIfor2048", "Project1\AIfor2048.csproj", "{EB41CF4B-AA22-42B3-8FAD-4AB8639E15B3}"
EndProject
Global
	GlobalSection(SolutionConfigurationPlatforms) = preSolution
		Debug|Any CPU = Debug|Any CPU
		Release|Any CPU = Release|Any CPU
	EndGlobalSection
	GlobalSection(ProjectConfigurationPlatforms) = postSolution
		{EB41CF4B-AA22-42B3-8FAD-4AB8639E15B3}.Debug|Any CPU.ActiveCfg = Debug|Any CPU
		{EB41CF4B-AA22-42B3-8FAD-4AB8639E15B3}.Debug|Any CPU.Build.0 = Debug|Any CPU
		{EB41CF4B-AA22-42B3-8FAD-4AB8639E15B3}.Release|Any CPU.ActiveCfg = Release|Any CPU
		{EB41CF4B-AA22-42B3-8FAD-4AB8639E15B3}.Release|Any CPU.Build.0 = Release|Any CPU
	EndGlobalSection
	GlobalSection(SolutionProperties) = preSolution
		HideSolutionNode = FALSE
	EndGlobalSection
EndGlobal
